// !$*UTF8*$!
{
	archiveVersion = 1;
	classes = {
	};
	objectVersion = 50;
	objects = {

/* Begin PBXBuildFile section */
		7720A64425416F7500B06C7D /* PPViewController.swift in Sources */ = {isa = PBXBuildFile; fileRef = 7720A64325416F7500B06C7D /* PPViewController.swift */; };
		774D32A0253B9B7E005904A2 /* AppDelegate.swift in Sources */ = {isa = PBXBuildFile; fileRef = 774D329F253B9B7E005904A2 /* AppDelegate.swift */; };
		774D32A2253B9B7E005904A2 /* ViewController.swift in Sources */ = {isa = PBXBuildFile; fileRef = 774D32A1253B9B7E005904A2 /* ViewController.swift */; };
		774D32A7253B9B7F005904A2 /* Assets.xcassets in Resources */ = {isa = PBXBuildFile; fileRef = 774D32A6253B9B7F005904A2 /* Assets.xcassets */; };
		774D32AA253B9B7F005904A2 /* LaunchScreen.storyboard in Resources */ = {isa = PBXBuildFile; fileRef = 774D32A8253B9B7F005904A2 /* LaunchScreen.storyboard */; };
		77762071253C85A400138ED8 /* Events.swift in Sources */ = {isa = PBXBuildFile; fileRef = 77762070253C85A400138ED8 /* Events.swift */; };
		77762076253C860300138ED8 /* GlobalEvent.swift in Sources */ = {isa = PBXBuildFile; fileRef = 77762075253C860300138ED8 /* GlobalEvent.swift */; };
/* End PBXBuildFile section */

/* Begin PBXFileReference section */
		7720A64325416F7500B06C7D /* PPViewController.swift */ = {isa = PBXFileReference; lastKnownFileType = sourcecode.swift; path = PPViewController.swift; sourceTree = "<group>"; };
		774D329C253B9B7E005904A2 /* NashvilleCountryTV.app */ = {isa = PBXFileReference; explicitFileType = wrapper.application; includeInIndex = 0; path = NashvilleCountryTV.app; sourceTree = BUILT_PRODUCTS_DIR; };
		774D329F253B9B7E005904A2 /* AppDelegate.swift */ = {isa = PBXFileReference; lastKnownFileType = sourcecode.swift; path = AppDelegate.swift; sourceTree = "<group>"; };
		774D32A1253B9B7E005904A2 /* ViewController.swift */ = {isa = PBXFileReference; lastKnownFileType = sourcecode.swift; path = ViewController.swift; sourceTree = "<group>"; };
		774D32A6253B9B7F005904A2 /* Assets.xcassets */ = {isa = PBXFileReference; lastKnownFileType = folder.assetcatalog; path = Assets.xcassets; sourceTree = "<group>"; };
		774D32A9253B9B7F005904A2 /* Base */ = {isa = PBXFileReference; lastKnownFileType = file.storyboard; name = Base; path = Base.lproj/LaunchScreen.storyboard; sourceTree = "<group>"; };
		774D32AB253B9B7F005904A2 /* Info.plist */ = {isa = PBXFileReference; lastKnownFileType = text.plist.xml; path = Info.plist; sourceTree = "<group>"; };
		77762070253C85A400138ED8 /* Events.swift */ = {isa = PBXFileReference; lastKnownFileType = sourcecode.swift; path = Events.swift; sourceTree = "<group>"; };
		77762075253C860300138ED8 /* GlobalEvent.swift */ = {isa = PBXFileReference; lastKnownFileType = sourcecode.swift; path = GlobalEvent.swift; sourceTree = "<group>"; };
/* End PBXFileReference section */

/* Begin PBXFrameworksBuildPhase section */
		774D3299253B9B7E005904A2 /* Frameworks */ = {
			isa = PBXFrameworksBuildPhase;
			buildActionMask = 2147483647;
			files = (
			);
			runOnlyForDeploymentPostprocessing = 0;
		};
/* End PBXFrameworksBuildPhase section */

/* Begin PBXGroup section */
		774D3293253B9B7E005904A2 = {
			isa = PBXGroup;
			children = (
				774D329E253B9B7E005904A2 /* NashvilleCountryTV */,
				774D329D253B9B7E005904A2 /* Products */,
			);
			sourceTree = "<group>";
		};
		774D329D253B9B7E005904A2 /* Products */ = {
			isa = PBXGroup;
			children = (
				774D329C253B9B7E005904A2 /* NashvilleCountryTV.app */,
			);
			name = Products;
			sourceTree = "<group>";
		};
		774D329E253B9B7E005904A2 /* NashvilleCountryTV */ = {
			isa = PBXGroup;
			children = (
				77762074253C85F900138ED8 /* Constant */,
				7776206F253C859800138ED8 /* Utilities */,
				774D329F253B9B7E005904A2 /* AppDelegate.swift */,
				774D32A1253B9B7E005904A2 /* ViewController.swift */,
				774D32A6253B9B7F005904A2 /* Assets.xcassets */,
				774D32A8253B9B7F005904A2 /* LaunchScreen.storyboard */,
				774D32AB253B9B7F005904A2 /* Info.plist */,
				7720A64325416F7500B06C7D /* PPViewController.swift */,
			);
			path = NashvilleCountryTV;
			sourceTree = "<group>";
		};
		7776206F253C859800138ED8 /* Utilities */ = {
			isa = PBXGroup;
			children = (
				77762070253C85A400138ED8 /* Events.swift */,
			);
			path = Utilities;
			sourceTree = "<group>";
		};
		77762074253C85F900138ED8 /* Constant */ = {
			isa = PBXGroup;
			children = (
				77762075253C860300138ED8 /* GlobalEvent.swift */,
			);
			path = Constant;
			sourceTree = "<group>";
		};
/* End PBXGroup section */

/* Begin PBXNativeTarget section */
		774D329B253B9B7E005904A2 /* NashvilleCountryTV */ = {
			isa = PBXNativeTarget;
			buildConfigurationList = 774D32AE253B9B7F005904A2 /* Build configuration list for PBXNativeTarget "NashvilleCountryTV" */;
			buildPhases = (
				774D3298253B9B7E005904A2 /* Sources */,
				774D3299253B9B7E005904A2 /* Frameworks */,
				774D329A253B9B7E005904A2 /* Resources */,
			);
			buildRules = (
			);
			dependencies = (
			);
			name = NashvilleCountryTV;
			productName = NashvilleCountryTV;
			productReference = 774D329C253B9B7E005904A2 /* NashvilleCountryTV.app */;
			productType = "com.apple.product-type.application";
		};
/* End PBXNativeTarget section */

/* Begin PBXProject section */
		774D3294253B9B7E005904A2 /* Project object */ = {
			isa = PBXProject;
			attributes = {
				LastSwiftUpdateCheck = 1200;
				LastUpgradeCheck = 1200;
				TargetAttributes = {
					774D329B253B9B7E005904A2 = {
						CreatedOnToolsVersion = 12.0;
					};
				};
			};
			buildConfigurationList = 774D3297253B9B7E005904A2 /* Build configuration list for PBXProject "NashvilleCountryTV" */;
			compatibilityVersion = "Xcode 9.3";
			developmentRegion = en;
			hasScannedForEncodings = 0;
			knownRegions = (
				en,
				Base,
			);
			mainGroup = 774D3293253B9B7E005904A2;
			productRefGroup = 774D329D253B9B7E005904A2 /* Products */;
			projectDirPath = "";
			projectRoot = "";
			targets = (
				774D329B253B9B7E005904A2 /* NashvilleCountryTV */,
			);
		};
/* End PBXProject section */

/* Begin PBXResourcesBuildPhase section */
		774D329A253B9B7E005904A2 /* Resources */ = {
			isa = PBXResourcesBuildPhase;
			buildActionMask = 2147483647;
			files = (
				774D32AA253B9B7F005904A2 /* LaunchScreen.storyboard in Resources */,
				774D32A7253B9B7F005904A2 /* Assets.xcassets in Resources */,
			);
			runOnlyForDeploymentPostprocessing = 0;
		};
/* End PBXResourcesBuildPhase section */

/* Begin PBXSourcesBuildPhase section */
		774D3298253B9B7E005904A2 /* Sources */ = {
			isa = PBXSourcesBuildPhase;
			buildActionMask = 2147483647;
			files = (
				77762071253C85A400138ED8 /* Events.swift in Sources */,
				7720A64425416F7500B06C7D /* PPViewController.swift in Sources */,
				774D32A2253B9B7E005904A2 /* ViewController.swift in Sources */,
				774D32A0253B9B7E005904A2 /* AppDelegate.swift in Sources */,
				77762076253C860300138ED8 /* GlobalEvent.swift in Sources */,
			);
			runOnlyForDeploymentPostprocessing = 0;
		};
/* End PBXSourcesBuildPhase section */

/* Begin PBXVariantGroup section */
		774D32A8253B9B7F005904A2 /* LaunchScreen.storyboard */ = {
			isa = PBXVariantGroup;
			children = (
				774D32A9253B9B7F005904A2 /* Base */,
			);
			name = LaunchScreen.storyboard;
			sourceTree = "<group>";
		};
/* End PBXVariantGroup section */

/* Begin XCBuildConfiguration section */
		774D32AC253B9B7F005904A2 /* Debug */ = {
			isa = XCBuildConfiguration;
			buildSettings = {
				ALWAYS_SEARCH_USER_PATHS = NO;
				CLANG_ANALYZER_NONNULL = YES;
				CLANG_ANALYZER_NUMBER_OBJECT_CONVERSION = YES_AGGRESSIVE;
				CLANG_CXX_LANGUAGE_STANDARD = "gnu++14";
				CLANG_CXX_LIBRARY = "libc++";
				CLANG_ENABLE_MODULES = YES;
				CLANG_ENABLE_OBJC_ARC = YES;
				CLANG_ENABLE_OBJC_WEAK = YES;
				CLANG_WARN_BLOCK_CAPTURE_AUTORELEASING = YES;
				CLANG_WARN_BOOL_CONVERSION = YES;
				CLANG_WARN_COMMA = YES;
				CLANG_WARN_CONSTANT_CONVERSION = YES;
				CLANG_WARN_DEPRECATED_OBJC_IMPLEMENTATIONS = YES;
				CLANG_WARN_DIRECT_OBJC_ISA_USAGE = YES_ERROR;
				CLANG_WARN_DOCUMENTATION_COMMENTS = YES;
				CLANG_WARN_EMPTY_BODY = YES;
				CLANG_WARN_ENUM_CONVERSION = YES;
				CLANG_WARN_INFINITE_RECURSION = YES;
				CLANG_WARN_INT_CONVERSION = YES;
				CLANG_WARN_NON_LITERAL_NULL_CONVERSION = YES;
				CLANG_WARN_OBJC_IMPLICIT_RETAIN_SELF = YES;
				CLANG_WARN_OBJC_LITERAL_CONVERSION = YES;
				CLANG_WARN_OBJC_ROOT_CLASS = YES_ERROR;
				CLANG_WARN_QUOTED_INCLUDE_IN_FRAMEWORK_HEADER = YES;
				CLANG_WARN_RANGE_LOOP_ANALYSIS = YES;
				CLANG_WARN_STRICT_PROTOTYPES = YES;
				CLANG_WARN_SUSPICIOUS_MOVE = YES;
				CLANG_WARN_UNGUARDED_AVAILABILITY = YES_AGGRESSIVE;
				CLANG_WARN_UNREACHABLE_CODE = YES;
				CLANG_WARN__DUPLICATE_METHOD_MATCH = YES;
				COPY_PHASE_STRIP = NO;
				DEBUG_INFORMATION_FORMAT = dwarf;
				ENABLE_STRICT_OBJC_MSGSEND = YES;
				ENABLE_TESTABILITY = YES;
				GCC_C_LANGUAGE_STANDARD = gnu11;
				GCC_DYNAMIC_NO_PIC = NO;
				GCC_NO_COMMON_BLOCKS = YES;
				GCC_OPTIMIZATION_LEVEL = 0;
				GCC_PREPROCESSOR_DEFINITIONS = (
					"DEBUG=1",
					"$(inherited)",
				);
				GCC_WARN_64_TO_32_BIT_CONVERSION = YES;
				GCC_WARN_ABOUT_RETURN_TYPE = YES_ERROR;
				GCC_WARN_UNDECLARED_SELECTOR = YES;
				GCC_WARN_UNINITIALIZED_AUTOS = YES_AGGRESSIVE;
				GCC_WARN_UNUSED_FUNCTION = YES;
				GCC_WARN_UNUSED_VARIABLE = YES;
				MTL_ENABLE_DEBUG_INFO = INCLUDE_SOURCE;
				MTL_FAST_MATH = YES;
				ONLY_ACTIVE_ARCH = YES;
				SDKROOT = appletvos;
				SWIFT_ACTIVE_COMPILATION_CONDITIONS = DEBUG;
				SWIFT_OPTIMIZATION_LEVEL = "-Onone";
				TVOS_DEPLOYMENT_TARGET = 14.0;
			};
			name = Debug;
		};
		774D32AD253B9B7F005904A2 /* Release */ = {
			isa = XCBuildConfiguration;
			buildSettings = {
				ALWAYS_SEARCH_USER_PATHS = NO;
				CLANG_ANALYZER_NONNULL = YES;
				CLANG_ANALYZER_NUMBER_OBJECT_CONVERSION = YES_AGGRESSIVE;
				CLANG_CXX_LANGUAGE_STANDARD = "gnu++14";
				CLANG_CXX_LIBRARY = "libc++";
				CLANG_ENABLE_MODULES = YES;
				CLANG_ENABLE_OBJC_ARC = YES;
				CLANG_ENABLE_OBJC_WEAK = YES;
				CLANG_WARN_BLOCK_CAPTURE_AUTORELEASING = YES;
				CLANG_WARN_BOOL_CONVERSION = YES;
				CLANG_WARN_COMMA = YES;
				CLANG_WARN_CONSTANT_CONVERSION = YES;
				CLANG_WARN_DEPRECATED_OBJC_IMPLEMENTATIONS = YES;
				CLANG_WARN_DIRECT_OBJC_ISA_USAGE = YES_ERROR;
				CLANG_WARN_DOCUMENTATION_COMMENTS = YES;
				CLANG_WARN_EMPTY_BODY = YES;
				CLANG_WARN_ENUM_CONVERSION = YES;
				CLANG_WARN_INFINITE_RECURSION = YES;
				CLANG_WARN_INT_CONVERSION = YES;
				CLANG_WARN_NON_LITERAL_NULL_CONVERSION = YES;
				CLANG_WARN_OBJC_IMPLICIT_RETAIN_SELF = YES;
				CLANG_WARN_OBJC_LITERAL_CONVERSION = YES;
				CLANG_WARN_OBJC_ROOT_CLASS = YES_ERROR;
				CLANG_WARN_QUOTED_INCLUDE_IN_FRAMEWORK_HEADER = YES;
				CLANG_WARN_RANGE_LOOP_ANALYSIS = YES;
				CLANG_WARN_STRICT_PROTOTYPES = YES;
				CLANG_WARN_SUSPICIOUS_MOVE = YES;
				CLANG_WARN_UNGUARDED_AVAILABILITY = YES_AGGRESSIVE;
				CLANG_WARN_UNREACHABLE_CODE = YES;
				CLANG_WARN__DUPLICATE_METHOD_MATCH = YES;
				COPY_PHASE_STRIP = NO;
				DEBUG_INFORMATION_FORMAT = "dwarf-with-dsym";
				ENABLE_NS_ASSERTIONS = NO;
				ENABLE_STRICT_OBJC_MSGSEND = YES;
				GCC_C_LANGUAGE_STANDARD = gnu11;
				GCC_NO_COMMON_BLOCKS = YES;
				GCC_WARN_64_TO_32_BIT_CONVERSION = YES;
				GCC_WARN_ABOUT_RETURN_TYPE = YES_ERROR;
				GCC_WARN_UNDECLARED_SELECTOR = YES;
				GCC_WARN_UNINITIALIZED_AUTOS = YES_AGGRESSIVE;
				GCC_WARN_UNUSED_FUNCTION = YES;
				GCC_WARN_UNUSED_VARIABLE = YES;
				MTL_ENABLE_DEBUG_INFO = NO;
				MTL_FAST_MATH = YES;
				SDKROOT = appletvos;
				SWIFT_COMPILATION_MODE = wholemodule;
				SWIFT_OPTIMIZATION_LEVEL = "-O";
				TVOS_DEPLOYMENT_TARGET = 14.0;
				VALIDATE_PRODUCT = YES;
			};
			name = Release;
		};
		774D32AF253B9B7F005904A2 /* Debug */ = {
			isa = XCBuildConfiguration;
			buildSettings = {
				ASSETCATALOG_COMPILER_APPICON_NAME = "App Icon & Top Shelf Image";
				ASSETCATALOG_COMPILER_GLOBAL_ACCENT_COLOR_NAME = AccentColor;
				CODE_SIGN_IDENTITY = "iPhone Distribution";
				CODE_SIGN_STYLE = Manual;
				CURRENT_PROJECT_VERSION = 3;
				DEVELOPMENT_TEAM = RF7HMDQ38P;
				INFOPLIST_FILE = NashvilleCountryTV/Info.plist;
				LD_RUNPATH_SEARCH_PATHS = (
					"$(inherited)",
					"@executable_path/Frameworks",
				);
				PRODUCT_BUNDLE_IDENTIFIER = com.nashvillecountrytv;
				PRODUCT_NAME = "$(TARGET_NAME)";
				PROVISIONING_PROFILE_SPECIFIER = "Nashville Country TV tvOS App Store";
				SWIFT_VERSION = 4.2;
				TARGETED_DEVICE_FAMILY = 3;
			};
			name = Debug;
		};
		774D32B0253B9B7F005904A2 /* Release */ = {
			isa = XCBuildConfiguration;
			buildSettings = {
				ASSETCATALOG_COMPILER_APPICON_NAME = "App Icon & Top Shelf Image";
				ASSETCATALOG_COMPILER_GLOBAL_ACCENT_COLOR_NAME = AccentColor;
				CODE_SIGN_IDENTITY = "iPhone Distribution";
				CODE_SIGN_STYLE = Manual;
				CURRENT_PROJECT_VERSION = 3;
				DEVELOPMENT_TEAM = RF7HMDQ38P;
				INFOPLIST_FILE = NashvilleCountryTV/Info.plist;
				LD_RUNPATH_SEARCH_PATHS = (
					"$(inherited)",
					"@executable_path/Frameworks",
				);
				PRODUCT_BUNDLE_IDENTIFIER = com.nashvillecountrytv;
				PRODUCT_NAME = "$(TARGET_NAME)";
				PROVISIONING_PROFILE_SPECIFIER = "Nashville Country TV tvOS App Store";
				SWIFT_VERSION = 4.2;
				TARGETED_DEVICE_FAMILY = 3;
			};
			name = Release;
		};
/* End XCBuildConfiguration section */

/* Begin XCConfigurationList section */
		774D3297253B9B7E005904A2 /* Build configuration list for PBXProject "NashvilleCountryTV" */ = {
			isa = XCConfigurationList;
			buildConfigurations = (
				774D32AC253B9B7F005904A2 /* Debug */,
				774D32AD253B9B7F005904A2 /* Release */,
			);
			defaultConfigurationIsVisible = 0;
			defaultConfigurationName = Release;
		};
		774D32AE253B9B7F005904A2 /* Build configuration list for PBXNativeTarget "NashvilleCountryTV" */ = {
			isa = XCConfigurationList;
			buildConfigurations = (
				774D32AF253B9B7F005904A2 /* Debug */,
				774D32B0253B9B7F005904A2 /* Release */,
			);
			defaultConfigurationIsVisible = 0;
			defaultConfigurationName = Release;
		};
/* End XCConfigurationList section */
	};
	rootObject = 774D3294253B9B7E005904A2 /* Project object */;
}
